{
    "_meta": {
        "hash": {
            "sha256": "18261ec9b2255710bc847b2259a2f042527c2801b5a7c6ad134cec9b7071c4ae"
        },
        "pipfile-spec": 6,
        "requires": {
            "python_version": "3.9"
        },
        "sources": [
            {
                "name": "pypi",
                "url": "https://pypi.org/simple",
                "verify_ssl": true
            }
        ]
    },
    "default": {
        "asgiref": {
            "hashes": [
                "sha256:89b2ef2247e3b562a16eef663bc0e2e703ec6468e2fa8a5cd61cd449786d4f6e",
                "sha256:9e0ce3aa93a819ba5b45120216b23878cf6e8525eb3848653452b4192b92afed"
            ],
            "markers": "python_version >= '3.7'",
            "version": "==3.7.2"
        },
        "crispy-bootstrap4": {
            "hashes": [
                "sha256:5241ab1dc2188c95560aa786439bcbedec7416e6b0f5a52dded82380810367ec",
                "sha256:f18386c4d96180c1bb1212487d6e8f5a3dd1a9bb58d3032183973d4d130b55f9"
            ],
            "index": "pypi",
            "version": "==2022.1"
        },
        "django": {
            "hashes": [
                "sha256:5e5c1c9548ffb7796b4a8a4782e9a2e5a3df3615259fc1bfd3ebc73b646146c1",
                "sha256:b6b2b5cae821077f137dc4dade696a1c2aa292f892eca28fa8d7bfdf2608ddd4"
            ],
            "index": "pypi",
            "version": "==4.2.5"
        },
        "django-braces": {
            "hashes": [
                "sha256:28f00b0f98368c9a37f30cce6087fc57127f0a24c5b8b449f9e1245bded6405d",
                "sha256:f451d08ffc1078d81209a2e17f2219bce20196928853c82405451b18a46875e0"
            ],
            "index": "pypi",
            "version": "==1.15.0"
        },
        "django-crispy-forms": {
            "hashes": [
                "sha256:90193b068bf948d9c68449bc8260afed1a8e2afe11ee0bac8c4ebfaeb175b322",
                "sha256:d1d4e585929058a9ab3b797666ea5b69320b9ba7937f9d146d32173246a6fd13"
            ],
            "index": "pypi",
            "version": "==2.0"
        },
        "form": {
            "hashes": [
                "sha256:b5b7f849476a92bd940bd5c59552e675ab9167715b9a8948058317709ae3f4f3"
            ],
            "index": "pypi",
            "version": "==0.0.1"
        },
        "sqlparse": {
            "hashes": [
                "sha256:5430a4fe2ac7d0f93e66f1efc6e1338a41884b7ddf2a350cedd20ccc4d9d28f3",
                "sha256:d446183e84b8349fa3061f0fe7f06ca94ba65b426946ffebe6e3e8295332420c"
            ],
            "markers": "python_version >= '3.5'",
            "version": "==0.4.4"
        },
        "typing-extensions": {
            "hashes": [
                "sha256:8f92fc8806f9a6b641eaa5318da32b44d401efaac0f6678c9bc448ba3605faa0",
                "sha256:df8e4339e9cb77357558cbdbceca33c303714cf861d1eef15e1070055ae8b7ef"
            ],
            "markers": "python_version < '3.11'",
            "version": "==4.8.0"
        },
        "tzdata": {
            "hashes": [
                "sha256:11ef1e08e54acb0d4f95bdb1be05da659673de4acbd21bf9c69e94cc5e907a3a",
                "sha256:7e65763eef3120314099b6939b5546db7adce1e7d6f2e179e3df563c70511eda"
            ],
            "markers": "sys_platform == 'win32'",
            "version": "==2023.3"
        }
    },
    "develop": {}
}
